PODS:
  - InteractiveTextView (0.0.1)

DEPENDENCIES:
  - InteractiveTextView (from `../InteractiveTextView.podspec`)

EXTERNAL SOURCES:
  InteractiveTextView:
    :path: "../InteractiveTextView.podspec"

SPEC CHECKSUMS:
  InteractiveTextView: 889b2a48492b618541ebac76e9f99534dbc8dd65

PODFILE CHECKSUM: 9517da0a7523c2a7eeec6d5477a78d7792be5451

COCOAPODS: 1.11.3
