// !$*UTF8*$!
{
	archiveVersion = 1;
	classes = {
	};
	objectVersion = 50;
	objects = {

/* Begin PBXBuildFile section */
		1809944A268A1FB1000BC2B6 /* AppDelegate.swift in Sources */ = {isa = PBXBuildFile; fileRef = 18099449268A1FB1000BC2B6 /* AppDelegate.swift */; };
		1809944C268A1FB1000BC2B6 /* SceneDelegate.swift in Sources */ = {isa = PBXBuildFile; fileRef = 1809944B268A1FB1000BC2B6 /* SceneDelegate.swift */; };
		1809944E268A1FB1000BC2B6 /* ViewController.swift in Sources */ = {isa = PBXBuildFile; fileRef = 1809944D268A1FB1000BC2B6 /* ViewController.swift */; };
		18099451268A1FB1000BC2B6 /* Main.storyboard in Resources */ = {isa = PBXBuildFile; fileRef = 1809944F268A1FB1000BC2B6 /* Main.storyboard */; };
		18099453268A1FB2000BC2B6 /* Assets.xcassets in Resources */ = {isa = PBXBuildFile; fileRef = 18099452268A1FB2000BC2B6 /* Assets.xcassets */; };
		18099456268A1FB2000BC2B6 /* LaunchScreen.storyboard in Resources */ = {isa = PBXBuildFile; fileRef = 18099454268A1FB2000BC2B6 /* LaunchScreen.storyboard */; };
		1809945F268A2088000BC2B6 /* InteractiveTextView.swift in Sources */ = {isa = PBXBuildFile; fileRef = 1809945E268A2088000BC2B6 /* InteractiveTextView.swift */; };
		18099461268A20E8000BC2B6 /* InteractiveTextRenderer.swift in Sources */ = {isa = PBXBuildFile; fileRef = 18099460268A20E8000BC2B6 /* InteractiveTextRenderer.swift */; };
		1816BB8526CAF57700931072 /* NSAttributedString+Attributes.swift in Sources */ = {isa = PBXBuildFile; fileRef = 1816BB8426CAF57700931072 /* NSAttributedString+Attributes.swift */; };
/* End PBXBuildFile section */

/* Begin PBXFileReference section */
		18099446268A1FB1000BC2B6 /* InteractiveTextView.app */ = {isa = PBXFileReference; explicitFileType = wrapper.application; includeInIndex = 0; path = InteractiveTextView.app; sourceTree = BUILT_PRODUCTS_DIR; };
		18099449268A1FB1000BC2B6 /* AppDelegate.swift */ = {isa = PBXFileReference; lastKnownFileType = sourcecode.swift; path = AppDelegate.swift; sourceTree = "<group>"; };
		1809944B268A1FB1000BC2B6 /* SceneDelegate.swift */ = {isa = PBXFileReference; lastKnownFileType = sourcecode.swift; path = SceneDelegate.swift; sourceTree = "<group>"; };
		1809944D268A1FB1000BC2B6 /* ViewController.swift */ = {isa = PBXFileReference; lastKnownFileType = sourcecode.swift; path = ViewController.swift; sourceTree = "<group>"; };
		18099450268A1FB1000BC2B6 /* Base */ = {isa = PBXFileReference; lastKnownFileType = file.storyboard; name = Base; path = Base.lproj/Main.storyboard; sourceTree = "<group>"; };
		18099452268A1FB2000BC2B6 /* Assets.xcassets */ = {isa = PBXFileReference; lastKnownFileType = folder.assetcatalog; path = Assets.xcassets; sourceTree = "<group>"; };
		18099455268A1FB2000BC2B6 /* Base */ = {isa = PBXFileReference; lastKnownFileType = file.storyboard; name = Base; path = Base.lproj/LaunchScreen.storyboard; sourceTree = "<group>"; };
		18099457268A1FB2000BC2B6 /* Info.plist */ = {isa = PBXFileReference; lastKnownFileType = text.plist.xml; path = Info.plist; sourceTree = "<group>"; };
		1809945E268A2088000BC2B6 /* InteractiveTextView.swift */ = {isa = PBXFileReference; lastKnownFileType = sourcecode.swift; path = InteractiveTextView.swift; sourceTree = "<group>"; };
		18099460268A20E8000BC2B6 /* InteractiveTextRenderer.swift */ = {isa = PBXFileReference; lastKnownFileType = sourcecode.swift; path = InteractiveTextRenderer.swift; sourceTree = "<group>"; };
		1816BB8426CAF57700931072 /* NSAttributedString+Attributes.swift */ = {isa = PBXFileReference; lastKnownFileType = sourcecode.swift; path = "NSAttributedString+Attributes.swift"; sourceTree = "<group>"; };
/* End PBXFileReference section */

/* Begin PBXFrameworksBuildPhase section */
		18099443268A1FB1000BC2B6 /* Frameworks */ = {
			isa = PBXFrameworksBuildPhase;
			buildActionMask = 2147483647;
			files = (
			);
			runOnlyForDeploymentPostprocessing = 0;
		};
/* End PBXFrameworksBuildPhase section */

/* Begin PBXGroup section */
		1809943D268A1FB1000BC2B6 = {
			isa = PBXGroup;
			children = (
				18099448268A1FB1000BC2B6 /* InteractiveTextView */,
				18099447268A1FB1000BC2B6 /* Products */,
			);
			sourceTree = "<group>";
		};
		18099447268A1FB1000BC2B6 /* Products */ = {
			isa = PBXGroup;
			children = (
				18099446268A1FB1000BC2B6 /* InteractiveTextView.app */,
			);
			name = Products;
			sourceTree = "<group>";
		};
		18099448268A1FB1000BC2B6 /* InteractiveTextView */ = {
			isa = PBXGroup;
			children = (
				1809945D268A206E000BC2B6 /* InteractiveTextView */,
				18099449268A1FB1000BC2B6 /* AppDelegate.swift */,
				1809944B268A1FB1000BC2B6 /* SceneDelegate.swift */,
				1809944D268A1FB1000BC2B6 /* ViewController.swift */,
				1809944F268A1FB1000BC2B6 /* Main.storyboard */,
				18099452268A1FB2000BC2B6 /* Assets.xcassets */,
				18099454268A1FB2000BC2B6 /* LaunchScreen.storyboard */,
				18099457268A1FB2000BC2B6 /* Info.plist */,
			);
			path = InteractiveTextView;
			sourceTree = "<group>";
		};
		1809945D268A206E000BC2B6 /* InteractiveTextView */ = {
			isa = PBXGroup;
			children = (
				1809945E268A2088000BC2B6 /* InteractiveTextView.swift */,
				18099460268A20E8000BC2B6 /* InteractiveTextRenderer.swift */,
				1816BB8426CAF57700931072 /* NSAttributedString+Attributes.swift */,
			);
			path = InteractiveTextView;
			sourceTree = "<group>";
		};
/* End PBXGroup section */

/* Begin PBXNativeTarget section */
		18099445268A1FB1000BC2B6 /* InteractiveTextView */ = {
			isa = PBXNativeTarget;
			buildConfigurationList = 1809945A268A1FB2000BC2B6 /* Build configuration list for PBXNativeTarget "InteractiveTextView" */;
			buildPhases = (
				18099442268A1FB1000BC2B6 /* Sources */,
				18099443268A1FB1000BC2B6 /* Frameworks */,
				18099444268A1FB1000BC2B6 /* Resources */,
			);
			buildRules = (
			);
			dependencies = (
			);
			name = InteractiveTextView;
			productName = InteractiveTextView;
			productReference = 18099446268A1FB1000BC2B6 /* InteractiveTextView.app */;
			productType = "com.apple.product-type.application";
		};
/* End PBXNativeTarget section */

/* Begin PBXProject section */
		1809943E268A1FB1000BC2B6 /* Project object */ = {
			isa = PBXProject;
			attributes = {
				LastSwiftUpdateCheck = 1250;
				LastUpgradeCheck = 1250;
				TargetAttributes = {
					18099445268A1FB1000BC2B6 = {
						CreatedOnToolsVersion = 12.5.1;
					};
				};
			};
			buildConfigurationList = 18099441268A1FB1000BC2B6 /* Build configuration list for PBXProject "InteractiveTextView" */;
			compatibilityVersion = "Xcode 9.3";
			developmentRegion = en;
			hasScannedForEncodings = 0;
			knownRegions = (
				en,
				Base,
			);
			mainGroup = 1809943D268A1FB1000BC2B6;
			productRefGroup = 18099447268A1FB1000BC2B6 /* Products */;
			projectDirPath = "";
			projectRoot = "";
			targets = (
				18099445268A1FB1000BC2B6 /* InteractiveTextView */,
			);
		};
/* End PBXProject section */

/* Begin PBXResourcesBuildPhase section */
		18099444268A1FB1000BC2B6 /* Resources */ = {
			isa = PBXResourcesBuildPhase;
			buildActionMask = 2147483647;
			files = (
				18099456268A1FB2000BC2B6 /* LaunchScreen.storyboard in Resources */,
				18099453268A1FB2000BC2B6 /* Assets.xcassets in Resources */,
				18099451268A1FB1000BC2B6 /* Main.storyboard in Resources */,
			);
			runOnlyForDeploymentPostprocessing = 0;
		};
/* End PBXResourcesBuildPhase section */

/* Begin PBXSourcesBuildPhase section */
		18099442268A1FB1000BC2B6 /* Sources */ = {
			isa = PBXSourcesBuildPhase;
			buildActionMask = 2147483647;
			files = (
				1816BB8526CAF57700931072 /* NSAttributedString+Attributes.swift in Sources */,
				1809944E268A1FB1000BC2B6 /* ViewController.swift in Sources */,
				1809944A268A1FB1000BC2B6 /* AppDelegate.swift in Sources */,
				1809945F268A2088000BC2B6 /* InteractiveTextView.swift in Sources */,
				1809944C268A1FB1000BC2B6 /* SceneDelegate.swift in Sources */,
				18099461268A20E8000BC2B6 /* InteractiveTextRenderer.swift in Sources */,
			);
			runOnlyForDeploymentPostprocessing = 0;
		};
/* End PBXSourcesBuildPhase section */

/* Begin PBXVariantGroup section */
		1809944F268A1FB1000BC2B6 /* Main.storyboard */ = {
			isa = PBXVariantGroup;
			children = (
				18099450268A1FB1000BC2B6 /* Base */,
			);
			name = Main.storyboard;
			sourceTree = "<group>";
		};
		18099454268A1FB2000BC2B6 /* LaunchScreen.storyboard */ = {
			isa = PBXVariantGroup;
			children = (
				18099455268A1FB2000BC2B6 /* Base */,
			);
			name = LaunchScreen.storyboard;
			sourceTree = "<group>";
		};
/* End PBXVariantGroup section */

/* Begin XCBuildConfiguration section */
		18099458268A1FB2000BC2B6 /* Debug */ = {
			isa = XCBuildConfiguration;
			buildSettings = {
				ALWAYS_SEARCH_USER_PATHS = NO;
				CLANG_ANALYZER_NONNULL = YES;
				CLANG_ANALYZER_NUMBER_OBJECT_CONVERSION = YES_AGGRESSIVE;
				CLANG_CXX_LANGUAGE_STANDARD = "gnu++14";
				CLANG_CXX_LIBRARY = "libc++";
				CLANG_ENABLE_MODULES = YES;
				CLANG_ENABLE_OBJC_ARC = YES;
				CLANG_ENABLE_OBJC_WEAK = YES;
				CLANG_WARN_BLOCK_CAPTURE_AUTORELEASING = YES;
				CLANG_WARN_BOOL_CONVERSION = YES;
				CLANG_WARN_COMMA = YES;
				CLANG_WARN_CONSTANT_CONVERSION = YES;
				CLANG_WARN_DEPRECATED_OBJC_IMPLEMENTATIONS = YES;
				CLANG_WARN_DIRECT_OBJC_ISA_USAGE = YES_ERROR;
				CLANG_WARN_DOCUMENTATION_COMMENTS = YES;
				CLANG_WARN_EMPTY_BODY = YES;
				CLANG_WARN_ENUM_CONVERSION = YES;
				CLANG_WARN_INFINITE_RECURSION = YES;
				CLANG_WARN_INT_CONVERSION = YES;
				CLANG_WARN_NON_LITERAL_NULL_CONVERSION = YES;
				CLANG_WARN_OBJC_IMPLICIT_RETAIN_SELF = YES;
				CLANG_WARN_OBJC_LITERAL_CONVERSION = YES;
				CLANG_WARN_OBJC_ROOT_CLASS = YES_ERROR;
				CLANG_WARN_QUOTED_INCLUDE_IN_FRAMEWORK_HEADER = YES;
				CLANG_WARN_RANGE_LOOP_ANALYSIS = YES;
				CLANG_WARN_STRICT_PROTOTYPES = YES;
				CLANG_WARN_SUSPICIOUS_MOVE = YES;
				CLANG_WARN_UNGUARDED_AVAILABILITY = YES_AGGRESSIVE;
				CLANG_WARN_UNREACHABLE_CODE = YES;
				CLANG_WARN__DUPLICATE_METHOD_MATCH = YES;
				COPY_PHASE_STRIP = NO;
				DEBUG_INFORMATION_FORMAT = dwarf;
				ENABLE_STRICT_OBJC_MSGSEND = YES;
				ENABLE_TESTABILITY = YES;
				GCC_C_LANGUAGE_STANDARD = gnu11;
				GCC_DYNAMIC_NO_PIC = NO;
				GCC_NO_COMMON_BLOCKS = YES;
				GCC_OPTIMIZATION_LEVEL = 0;
				GCC_PREPROCESSOR_DEFINITIONS = (
					"DEBUG=1",
					"$(inherited)",
				);
				GCC_WARN_64_TO_32_BIT_CONVERSION = YES;
				GCC_WARN_ABOUT_RETURN_TYPE = YES_ERROR;
				GCC_WARN_UNDECLARED_SELECTOR = YES;
				GCC_WARN_UNINITIALIZED_AUTOS = YES_AGGRESSIVE;
				GCC_WARN_UNUSED_FUNCTION = YES;
				GCC_WARN_UNUSED_VARIABLE = YES;
				IPHONEOS_DEPLOYMENT_TARGET = 14.5;
				MTL_ENABLE_DEBUG_INFO = INCLUDE_SOURCE;
				MTL_FAST_MATH = YES;
				ONLY_ACTIVE_ARCH = YES;
				SDKROOT = iphoneos;
				SWIFT_ACTIVE_COMPILATION_CONDITIONS = DEBUG;
				SWIFT_OPTIMIZATION_LEVEL = "-Onone";
			};
			name = Debug;
		};
		18099459268A1FB2000BC2B6 /* Release */ = {
			isa = XCBuildConfiguration;
			buildSettings = {
				ALWAYS_SEARCH_USER_PATHS = NO;
				CLANG_ANALYZER_NONNULL = YES;
				CLANG_ANALYZER_NUMBER_OBJECT_CONVERSION = YES_AGGRESSIVE;
				CLANG_CXX_LANGUAGE_STANDARD = "gnu++14";
				CLANG_CXX_LIBRARY = "libc++";
				CLANG_ENABLE_MODULES = YES;
				CLANG_ENABLE_OBJC_ARC = YES;
				CLANG_ENABLE_OBJC_WEAK = YES;
				CLANG_WARN_BLOCK_CAPTURE_AUTORELEASING = YES;
				CLANG_WARN_BOOL_CONVERSION = YES;
				CLANG_WARN_COMMA = YES;
				CLANG_WARN_CONSTANT_CONVERSION = YES;
				CLANG_WARN_DEPRECATED_OBJC_IMPLEMENTATIONS = YES;
				CLANG_WARN_DIRECT_OBJC_ISA_USAGE = YES_ERROR;
				CLANG_WARN_DOCUMENTATION_COMMENTS = YES;
				CLANG_WARN_EMPTY_BODY = YES;
				CLANG_WARN_ENUM_CONVERSION = YES;
				CLANG_WARN_INFINITE_RECURSION = YES;
				CLANG_WARN_INT_CONVERSION = YES;
				CLANG_WARN_NON_LITERAL_NULL_CONVERSION = YES;
				CLANG_WARN_OBJC_IMPLICIT_RETAIN_SELF = YES;
				CLANG_WARN_OBJC_LITERAL_CONVERSION = YES;
				CLANG_WARN_OBJC_ROOT_CLASS = YES_ERROR;
				CLANG_WARN_QUOTED_INCLUDE_IN_FRAMEWORK_HEADER = YES;
				CLANG_WARN_RANGE_LOOP_ANALYSIS = YES;
				CLANG_WARN_STRICT_PROTOTYPES = YES;
				CLANG_WARN_SUSPICIOUS_MOVE = YES;
				CLANG_WARN_UNGUARDED_AVAILABILITY = YES_AGGRESSIVE;
				CLANG_WARN_UNREACHABLE_CODE = YES;
				CLANG_WARN__DUPLICATE_METHOD_MATCH = YES;
				COPY_PHASE_STRIP = NO;
				DEBUG_INFORMATION_FORMAT = "dwarf-with-dsym";
				ENABLE_NS_ASSERTIONS = NO;
				ENABLE_STRICT_OBJC_MSGSEND = YES;
				GCC_C_LANGUAGE_STANDARD = gnu11;
				GCC_NO_COMMON_BLOCKS = YES;
				GCC_WARN_64_TO_32_BIT_CONVERSION = YES;
				GCC_WARN_ABOUT_RETURN_TYPE = YES_ERROR;
				GCC_WARN_UNDECLARED_SELECTOR = YES;
				GCC_WARN_UNINITIALIZED_AUTOS = YES_AGGRESSIVE;
				GCC_WARN_UNUSED_FUNCTION = YES;
				GCC_WARN_UNUSED_VARIABLE = YES;
				IPHONEOS_DEPLOYMENT_TARGET = 14.5;
				MTL_ENABLE_DEBUG_INFO = NO;
				MTL_FAST_MATH = YES;
				SDKROOT = iphoneos;
				SWIFT_COMPILATION_MODE = wholemodule;
				SWIFT_OPTIMIZATION_LEVEL = "-O";
				VALIDATE_PRODUCT = YES;
			};
			name = Release;
		};
		1809945B268A1FB2000BC2B6 /* Debug */ = {
			isa = XCBuildConfiguration;
			buildSettings = {
				ASSETCATALOG_COMPILER_APPICON_NAME = AppIcon;
				ASSETCATALOG_COMPILER_GLOBAL_ACCENT_COLOR_NAME = AccentColor;
				CODE_SIGN_STYLE = Automatic;
				DEVELOPMENT_TEAM = 86JHMLQ3QG;
				INFOPLIST_FILE = InteractiveTextView/Info.plist;
				LD_RUNPATH_SEARCH_PATHS = (
					"$(inherited)",
					"@executable_path/Frameworks",
				);
				PRODUCT_BUNDLE_IDENTIFIER = com.gsukh.InteractiveTextView;
				PRODUCT_NAME = "$(TARGET_NAME)";
				SWIFT_VERSION = 5.0;
				TARGETED_DEVICE_FAMILY = "1,2";
			};
			name = Debug;
		};
		1809945C268A1FB2000BC2B6 /* Release */ = {
			isa = XCBuildConfiguration;
			buildSettings = {
				ASSETCATALOG_COMPILER_APPICON_NAME = AppIcon;
				ASSETCATALOG_COMPILER_GLOBAL_ACCENT_COLOR_NAME = AccentColor;
				CODE_SIGN_STYLE = Automatic;
				DEVELOPMENT_TEAM = 86JHMLQ3QG;
				INFOPLIST_FILE = InteractiveTextView/Info.plist;
				LD_RUNPATH_SEARCH_PATHS = (
					"$(inherited)",
					"@executable_path/Frameworks",
				);
				PRODUCT_BUNDLE_IDENTIFIER = com.gsukh.InteractiveTextView;
				PRODUCT_NAME = "$(TARGET_NAME)";
				SWIFT_VERSION = 5.0;
				TARGETED_DEVICE_FAMILY = "1,2";
			};
			name = Release;
		};
/* End XCBuildConfiguration section */

/* Begin XCConfigurationList section */
		18099441268A1FB1000BC2B6 /* Build configuration list for PBXProject "InteractiveTextView" */ = {
			isa = XCConfigurationList;
			buildConfigurations = (
				18099458268A1FB2000BC2B6 /* Debug */,
				18099459268A1FB2000BC2B6 /* Release */,
			);
			defaultConfigurationIsVisible = 0;
			defaultConfigurationName = Release;
		};
		1809945A268A1FB2000BC2B6 /* Build configuration list for PBXNativeTarget "InteractiveTextView" */ = {
			isa = XCConfigurationList;
			buildConfigurations = (
				1809945B268A1FB2000BC2B6 /* Debug */,
				1809945C268A1FB2000BC2B6 /* Release */,
			);
			defaultConfigurationIsVisible = 0;
			defaultConfigurationName = Release;
		};
/* End XCConfigurationList section */
	};
	rootObject = 1809943E268A1FB1000BC2B6 /* Project object */;
}
